// !$*UTF8*$!
{
	archiveVersion = 1;
	classes = {
	};
	objectVersion = 46;
	objects = {

/* Begin PBXBuildFile section */
		26316FA92F62F92C832C9055 /* Pods_twitter_training.framework in Frameworks */ = {isa = PBXBuildFile; fileRef = E4E3163AAD5B1ABCB37FFA40 /* Pods_twitter_training.framework */; };
		88BFA4E9DAE86C8E667B82EA /* Pods_twitter_trainingTests.framework in Frameworks */ = {isa = PBXBuildFile; fileRef = 00A3B35AA2139DE34F7F9C19 /* Pods_twitter_trainingTests.framework */; };
		A413DD20ABDDCF3F27A4CE9D /* Pods_twitter_trainingUITests.framework in Frameworks */ = {isa = PBXBuildFile; fileRef = DE77E7E50E8E351CF97ACEDA /* Pods_twitter_trainingUITests.framework */; };
		CB963ADC1D5C723A00A21C9F /* AppDelegate.swift in Sources */ = {isa = PBXBuildFile; fileRef = CB963ADB1D5C723A00A21C9F /* AppDelegate.swift */; };
		CB963ADE1D5C723A00A21C9F /* ViewController.swift in Sources */ = {isa = PBXBuildFile; fileRef = CB963ADD1D5C723A00A21C9F /* ViewController.swift */; };
		CB963AE11D5C723A00A21C9F /* Main.storyboard in Resources */ = {isa = PBXBuildFile; fileRef = CB963ADF1D5C723A00A21C9F /* Main.storyboard */; };
		CB963AE31D5C723A00A21C9F /* Assets.xcassets in Resources */ = {isa = PBXBuildFile; fileRef = CB963AE21D5C723A00A21C9F /* Assets.xcassets */; };
		CB963AE61D5C723A00A21C9F /* LaunchScreen.storyboard in Resources */ = {isa = PBXBuildFile; fileRef = CB963AE41D5C723A00A21C9F /* LaunchScreen.storyboard */; };
		CB963AF11D5C723A00A21C9F /* twitter_trainingTests.swift in Sources */ = {isa = PBXBuildFile; fileRef = CB963AF01D5C723A00A21C9F /* twitter_trainingTests.swift */; };
		CB963AFC1D5C723A00A21C9F /* twitter_trainingUITests.swift in Sources */ = {isa = PBXBuildFile; fileRef = CB963AFB1D5C723A00A21C9F /* twitter_trainingUITests.swift */; };
		CB963B0A1D5C736B00A21C9F /* InitialPageViewController.swift in Sources */ = {isa = PBXBuildFile; fileRef = CB963B091D5C736B00A21C9F /* InitialPageViewController.swift */; };
		CB963B0C1D5C739300A21C9F /* LoginViewController.swift in Sources */ = {isa = PBXBuildFile; fileRef = CB963B0B1D5C739300A21C9F /* LoginViewController.swift */; };
		CB963B0E1D5C7ED100A21C9F /* RegisterFirstViewController.swift in Sources */ = {isa = PBXBuildFile; fileRef = CB963B0D1D5C7ED100A21C9F /* RegisterFirstViewController.swift */; };
		CB963B101D5C7EFD00A21C9F /* RegisterSecondViewController.swift in Sources */ = {isa = PBXBuildFile; fileRef = CB963B0F1D5C7EFD00A21C9F /* RegisterSecondViewController.swift */; };
		CB963B121D5C86A300A21C9F /* RegisterPageViewController.swift in Sources */ = {isa = PBXBuildFile; fileRef = CB963B111D5C86A300A21C9F /* RegisterPageViewController.swift */; };
		CB963B141D5C8E4300A21C9F /* UserListViewController.swift in Sources */ = {isa = PBXBuildFile; fileRef = CB963B131D5C8E4300A21C9F /* UserListViewController.swift */; };
		EB74CB0E1D5DBAF5002AE80C /* TweetViewController.swift in Sources */ = {isa = PBXBuildFile; fileRef = EB74CB0D1D5DBAF5002AE80C /* TweetViewController.swift */; };
		EB74CB101D5DDB8B002AE80C /* MyTweetViewController.swift in Sources */ = {isa = PBXBuildFile; fileRef = EB74CB0F1D5DDB8B002AE80C /* MyTweetViewController.swift */; };
		EB74CB121D5DDBA1002AE80C /* FollowListViewController.swift in Sources */ = {isa = PBXBuildFile; fileRef = EB74CB111D5DDBA1002AE80C /* FollowListViewController.swift */; };
		EB74CB141D5DDBB3002AE80C /* FollowedListViewController.swift in Sources */ = {isa = PBXBuildFile; fileRef = EB74CB131D5DDBB3002AE80C /* FollowedListViewController.swift */; };
		EB74CB161D5DDC26002AE80C /* TimelineViewController.swift in Sources */ = {isa = PBXBuildFile; fileRef = EB74CB151D5DDC26002AE80C /* TimelineViewController.swift */; };
		EB74CB181D5DDC98002AE80C /* EditFirstViewController.swift in Sources */ = {isa = PBXBuildFile; fileRef = EB74CB171D5DDC98002AE80C /* EditFirstViewController.swift */; };
		EB74CB1A1D5DDCA3002AE80C /* EditSecondViewController.swift in Sources */ = {isa = PBXBuildFile; fileRef = EB74CB191D5DDCA3002AE80C /* EditSecondViewController.swift */; };
/* End PBXBuildFile section */

/* Begin PBXContainerItemProxy section */
		CB963AED1D5C723A00A21C9F /* PBXContainerItemProxy */ = {
			isa = PBXContainerItemProxy;
			containerPortal = CB963AD01D5C723A00A21C9F /* Project object */;
			proxyType = 1;
			remoteGlobalIDString = CB963AD71D5C723A00A21C9F;
			remoteInfo = twitter_training;
		};
		CB963AF81D5C723A00A21C9F /* PBXContainerItemProxy */ = {
			isa = PBXContainerItemProxy;
			containerPortal = CB963AD01D5C723A00A21C9F /* Project object */;
			proxyType = 1;
			remoteGlobalIDString = CB963AD71D5C723A00A21C9F;
			remoteInfo = twitter_training;
		};
/* End PBXContainerItemProxy section */

/* Begin PBXFileReference section */
		00A3B35AA2139DE34F7F9C19 /* Pods_twitter_trainingTests.framework */ = {isa = PBXFileReference; explicitFileType = wrapper.framework; includeInIndex = 0; path = Pods_twitter_trainingTests.framework; sourceTree = BUILT_PRODUCTS_DIR; };
		20924E61CC58682D1BFC62B2 /* Pods-twitter_training.debug.xcconfig */ = {isa = PBXFileReference; includeInIndex = 1; lastKnownFileType = text.xcconfig; name = "Pods-twitter_training.debug.xcconfig"; path = "Pods/Target Support Files/Pods-twitter_training/Pods-twitter_training.debug.xcconfig"; sourceTree = "<group>"; };
		36549FF52C6F7D80FDA80313 /* Pods-twitter_trainingUITests.release.xcconfig */ = {isa = PBXFileReference; includeInIndex = 1; lastKnownFileType = text.xcconfig; name = "Pods-twitter_trainingUITests.release.xcconfig"; path = "Pods/Target Support Files/Pods-twitter_trainingUITests/Pods-twitter_trainingUITests.release.xcconfig"; sourceTree = "<group>"; };
		4BFB591BFC70AB6358C61A90 /* Pods-twitter_trainingTests.debug.xcconfig */ = {isa = PBXFileReference; includeInIndex = 1; lastKnownFileType = text.xcconfig; name = "Pods-twitter_trainingTests.debug.xcconfig"; path = "Pods/Target Support Files/Pods-twitter_trainingTests/Pods-twitter_trainingTests.debug.xcconfig"; sourceTree = "<group>"; };
		B9BB166E49A705233A6871BE /* Pods-twitter_trainingUITests.debug.xcconfig */ = {isa = PBXFileReference; includeInIndex = 1; lastKnownFileType = text.xcconfig; name = "Pods-twitter_trainingUITests.debug.xcconfig"; path = "Pods/Target Support Files/Pods-twitter_trainingUITests/Pods-twitter_trainingUITests.debug.xcconfig"; sourceTree = "<group>"; };
		CA0F735D625FB83861C5CA40 /* Pods-twitter_training.release.xcconfig */ = {isa = PBXFileReference; includeInIndex = 1; lastKnownFileType = text.xcconfig; name = "Pods-twitter_training.release.xcconfig"; path = "Pods/Target Support Files/Pods-twitter_training/Pods-twitter_training.release.xcconfig"; sourceTree = "<group>"; };
		CB963AD81D5C723A00A21C9F /* twitter_training.app */ = {isa = PBXFileReference; explicitFileType = wrapper.application; includeInIndex = 0; path = twitter_training.app; sourceTree = BUILT_PRODUCTS_DIR; };
		CB963ADB1D5C723A00A21C9F /* AppDelegate.swift */ = {isa = PBXFileReference; lastKnownFileType = sourcecode.swift; path = AppDelegate.swift; sourceTree = "<group>"; };
		CB963ADD1D5C723A00A21C9F /* ViewController.swift */ = {isa = PBXFileReference; lastKnownFileType = sourcecode.swift; path = ViewController.swift; sourceTree = "<group>"; };
		CB963AE01D5C723A00A21C9F /* Base */ = {isa = PBXFileReference; lastKnownFileType = file.storyboard; name = Base; path = Base.lproj/Main.storyboard; sourceTree = "<group>"; };
		CB963AE21D5C723A00A21C9F /* Assets.xcassets */ = {isa = PBXFileReference; lastKnownFileType = folder.assetcatalog; path = Assets.xcassets; sourceTree = "<group>"; };
		CB963AE51D5C723A00A21C9F /* Base */ = {isa = PBXFileReference; lastKnownFileType = file.storyboard; name = Base; path = Base.lproj/LaunchScreen.storyboard; sourceTree = "<group>"; };
		CB963AE71D5C723A00A21C9F /* Info.plist */ = {isa = PBXFileReference; lastKnownFileType = text.plist.xml; path = Info.plist; sourceTree = "<group>"; };
		CB963AEC1D5C723A00A21C9F /* twitter_trainingTests.xctest */ = {isa = PBXFileReference; explicitFileType = wrapper.cfbundle; includeInIndex = 0; path = twitter_trainingTests.xctest; sourceTree = BUILT_PRODUCTS_DIR; };
		CB963AF01D5C723A00A21C9F /* twitter_trainingTests.swift */ = {isa = PBXFileReference; lastKnownFileType = sourcecode.swift; path = twitter_trainingTests.swift; sourceTree = "<group>"; };
		CB963AF21D5C723A00A21C9F /* Info.plist */ = {isa = PBXFileReference; lastKnownFileType = text.plist.xml; path = Info.plist; sourceTree = "<group>"; };
		CB963AF71D5C723A00A21C9F /* twitter_trainingUITests.xctest */ = {isa = PBXFileReference; explicitFileType = wrapper.cfbundle; includeInIndex = 0; path = twitter_trainingUITests.xctest; sourceTree = BUILT_PRODUCTS_DIR; };
		CB963AFB1D5C723A00A21C9F /* twitter_trainingUITests.swift */ = {isa = PBXFileReference; lastKnownFileType = sourcecode.swift; path = twitter_trainingUITests.swift; sourceTree = "<group>"; };
		CB963AFD1D5C723A00A21C9F /* Info.plist */ = {isa = PBXFileReference; lastKnownFileType = text.plist.xml; path = Info.plist; sourceTree = "<group>"; };
		CB963B091D5C736B00A21C9F /* InitialPageViewController.swift */ = {isa = PBXFileReference; fileEncoding = 4; lastKnownFileType = sourcecode.swift; path = InitialPageViewController.swift; sourceTree = "<group>"; };
		CB963B0B1D5C739300A21C9F /* LoginViewController.swift */ = {isa = PBXFileReference; fileEncoding = 4; lastKnownFileType = sourcecode.swift; path = LoginViewController.swift; sourceTree = "<group>"; };
		CB963B0D1D5C7ED100A21C9F /* RegisterFirstViewController.swift */ = {isa = PBXFileReference; fileEncoding = 4; lastKnownFileType = sourcecode.swift; path = RegisterFirstViewController.swift; sourceTree = "<group>"; };
		CB963B0F1D5C7EFD00A21C9F /* RegisterSecondViewController.swift */ = {isa = PBXFileReference; fileEncoding = 4; lastKnownFileType = sourcecode.swift; path = RegisterSecondViewController.swift; sourceTree = "<group>"; };
		CB963B111D5C86A300A21C9F /* RegisterPageViewController.swift */ = {isa = PBXFileReference; fileEncoding = 4; lastKnownFileType = sourcecode.swift; path = RegisterPageViewController.swift; sourceTree = "<group>"; };
		CB963B131D5C8E4300A21C9F /* UserListViewController.swift */ = {isa = PBXFileReference; fileEncoding = 4; lastKnownFileType = sourcecode.swift; path = UserListViewController.swift; sourceTree = "<group>"; };
		DE77E7E50E8E351CF97ACEDA /* Pods_twitter_trainingUITests.framework */ = {isa = PBXFileReference; explicitFileType = wrapper.framework; includeInIndex = 0; path = Pods_twitter_trainingUITests.framework; sourceTree = BUILT_PRODUCTS_DIR; };
		E23631C85EE999AB1242BD94 /* Pods-twitter_trainingTests.release.xcconfig */ = {isa = PBXFileReference; includeInIndex = 1; lastKnownFileType = text.xcconfig; name = "Pods-twitter_trainingTests.release.xcconfig"; path = "Pods/Target Support Files/Pods-twitter_trainingTests/Pods-twitter_trainingTests.release.xcconfig"; sourceTree = "<group>"; };
		E4E3163AAD5B1ABCB37FFA40 /* Pods_twitter_training.framework */ = {isa = PBXFileReference; explicitFileType = wrapper.framework; includeInIndex = 0; path = Pods_twitter_training.framework; sourceTree = BUILT_PRODUCTS_DIR; };
		EB74CB0D1D5DBAF5002AE80C /* TweetViewController.swift */ = {isa = PBXFileReference; fileEncoding = 4; lastKnownFileType = sourcecode.swift; path = TweetViewController.swift; sourceTree = "<group>"; };
		EB74CB0F1D5DDB8B002AE80C /* MyTweetViewController.swift */ = {isa = PBXFileReference; fileEncoding = 4; lastKnownFileType = sourcecode.swift; path = MyTweetViewController.swift; sourceTree = "<group>"; };
		EB74CB111D5DDBA1002AE80C /* FollowListViewController.swift */ = {isa = PBXFileReference; fileEncoding = 4; lastKnownFileType = sourcecode.swift; path = FollowListViewController.swift; sourceTree = "<group>"; };
		EB74CB131D5DDBB3002AE80C /* FollowedListViewController.swift */ = {isa = PBXFileReference; fileEncoding = 4; lastKnownFileType = sourcecode.swift; path = FollowedListViewController.swift; sourceTree = "<group>"; };
		EB74CB151D5DDC26002AE80C /* TimelineViewController.swift */ = {isa = PBXFileReference; fileEncoding = 4; lastKnownFileType = sourcecode.swift; path = TimelineViewController.swift; sourceTree = "<group>"; };
		EB74CB171D5DDC98002AE80C /* EditFirstViewController.swift */ = {isa = PBXFileReference; fileEncoding = 4; lastKnownFileType = sourcecode.swift; path = EditFirstViewController.swift; sourceTree = "<group>"; };
		EB74CB191D5DDCA3002AE80C /* EditSecondViewController.swift */ = {isa = PBXFileReference; fileEncoding = 4; lastKnownFileType = sourcecode.swift; path = EditSecondViewController.swift; sourceTree = "<group>"; };
/* End PBXFileReference section */

/* Begin PBXFrameworksBuildPhase section */
		CB963AD51D5C723A00A21C9F /* Frameworks */ = {
			isa = PBXFrameworksBuildPhase;
			buildActionMask = 2147483647;
			files = (
				26316FA92F62F92C832C9055 /* Pods_twitter_training.framework in Frameworks */,
			);
			runOnlyForDeploymentPostprocessing = 0;
		};
		CB963AE91D5C723A00A21C9F /* Frameworks */ = {
			isa = PBXFrameworksBuildPhase;
			buildActionMask = 2147483647;
			files = (
				88BFA4E9DAE86C8E667B82EA /* Pods_twitter_trainingTests.framework in Frameworks */,
			);
			runOnlyForDeploymentPostprocessing = 0;
		};
		CB963AF41D5C723A00A21C9F /* Frameworks */ = {
			isa = PBXFrameworksBuildPhase;
			buildActionMask = 2147483647;
			files = (
				A413DD20ABDDCF3F27A4CE9D /* Pods_twitter_trainingUITests.framework in Frameworks */,
			);
			runOnlyForDeploymentPostprocessing = 0;
		};
/* End PBXFrameworksBuildPhase section */

/* Begin PBXGroup section */
		CB963ACF1D5C723A00A21C9F = {
			isa = PBXGroup;
			children = (
				CB963ADA1D5C723A00A21C9F /* twitter_training */,
				CB963AEF1D5C723A00A21C9F /* twitter_trainingTests */,
				CB963AFA1D5C723A00A21C9F /* twitter_trainingUITests */,
				CB963AD91D5C723A00A21C9F /* Products */,
				D1C3F47A5FCA477325645686 /* Pods */,
				FF429690B7C2F50DF6F95881 /* Frameworks */,
			);
			sourceTree = "<group>";
		};
		CB963AD91D5C723A00A21C9F /* Products */ = {
			isa = PBXGroup;
			children = (
				CB963AD81D5C723A00A21C9F /* twitter_training.app */,
				CB963AEC1D5C723A00A21C9F /* twitter_trainingTests.xctest */,
				CB963AF71D5C723A00A21C9F /* twitter_trainingUITests.xctest */,
			);
			name = Products;
			sourceTree = "<group>";
		};
		CB963ADA1D5C723A00A21C9F /* twitter_training */ = {
			isa = PBXGroup;
			children = (
				CB963ADB1D5C723A00A21C9F /* AppDelegate.swift */,
				CB963ADD1D5C723A00A21C9F /* ViewController.swift */,
				CB963ADF1D5C723A00A21C9F /* Main.storyboard */,
				CB963AE21D5C723A00A21C9F /* Assets.xcassets */,
				CB963AE41D5C723A00A21C9F /* LaunchScreen.storyboard */,
				CB963AE71D5C723A00A21C9F /* Info.plist */,
				CB963B091D5C736B00A21C9F /* InitialPageViewController.swift */,
				CB963B0B1D5C739300A21C9F /* LoginViewController.swift */,
				CB963B0D1D5C7ED100A21C9F /* RegisterFirstViewController.swift */,
				CB963B0F1D5C7EFD00A21C9F /* RegisterSecondViewController.swift */,
				CB963B111D5C86A300A21C9F /* RegisterPageViewController.swift */,
				CB963B131D5C8E4300A21C9F /* UserListViewController.swift */,
				EB74CB0D1D5DBAF5002AE80C /* TweetViewController.swift */,
				EB74CB0F1D5DDB8B002AE80C /* MyTweetViewController.swift */,
				EB74CB111D5DDBA1002AE80C /* FollowListViewController.swift */,
				EB74CB131D5DDBB3002AE80C /* FollowedListViewController.swift */,
				EB74CB151D5DDC26002AE80C /* TimelineViewController.swift */,
				EB74CB171D5DDC98002AE80C /* EditFirstViewController.swift */,
				EB74CB191D5DDCA3002AE80C /* EditSecondViewController.swift */,
			);
			path = twitter_training;
			sourceTree = "<group>";
		};
		CB963AEF1D5C723A00A21C9F /* twitter_trainingTests */ = {
			isa = PBXGroup;
			children = (
				CB963AF01D5C723A00A21C9F /* twitter_trainingTests.swift */,
				CB963AF21D5C723A00A21C9F /* Info.plist */,
			);
			path = twitter_trainingTests;
			sourceTree = "<group>";
		};
		CB963AFA1D5C723A00A21C9F /* twitter_trainingUITests */ = {
			isa = PBXGroup;
			children = (
				CB963AFB1D5C723A00A21C9F /* twitter_trainingUITests.swift */,
				CB963AFD1D5C723A00A21C9F /* Info.plist */,
			);
			path = twitter_trainingUITests;
			sourceTree = "<group>";
		};
		D1C3F47A5FCA477325645686 /* Pods */ = {
			isa = PBXGroup;
			children = (
				20924E61CC58682D1BFC62B2 /* Pods-twitter_training.debug.xcconfig */,
				CA0F735D625FB83861C5CA40 /* Pods-twitter_training.release.xcconfig */,
				4BFB591BFC70AB6358C61A90 /* Pods-twitter_trainingTests.debug.xcconfig */,
				E23631C85EE999AB1242BD94 /* Pods-twitter_trainingTests.release.xcconfig */,
				B9BB166E49A705233A6871BE /* Pods-twitter_trainingUITests.debug.xcconfig */,
				36549FF52C6F7D80FDA80313 /* Pods-twitter_trainingUITests.release.xcconfig */,
			);
			name = Pods;
			sourceTree = "<group>";
		};
		FF429690B7C2F50DF6F95881 /* Frameworks */ = {
			isa = PBXGroup;
			children = (
				E4E3163AAD5B1ABCB37FFA40 /* Pods_twitter_training.framework */,
				00A3B35AA2139DE34F7F9C19 /* Pods_twitter_trainingTests.framework */,
				DE77E7E50E8E351CF97ACEDA /* Pods_twitter_trainingUITests.framework */,
			);
			name = Frameworks;
			sourceTree = "<group>";
		};
/* End PBXGroup section */

/* Begin PBXNativeTarget section */
		CB963AD71D5C723A00A21C9F /* twitter_training */ = {
			isa = PBXNativeTarget;
			buildConfigurationList = CB963B001D5C723A00A21C9F /* Build configuration list for PBXNativeTarget "twitter_training" */;
			buildPhases = (
				93915B7B192DDB375D0EB2DE /* [CP] Check Pods Manifest.lock */,
				CB963AD41D5C723A00A21C9F /* Sources */,
				CB963AD51D5C723A00A21C9F /* Frameworks */,
				CB963AD61D5C723A00A21C9F /* Resources */,
				409F64AE28B84AB90D775334 /* [CP] Embed Pods Frameworks */,
				6470793F1C65FB6001521E43 /* [CP] Copy Pods Resources */,
			);
			buildRules = (
			);
			dependencies = (
			);
			name = twitter_training;
			productName = twitter_training;
			productReference = CB963AD81D5C723A00A21C9F /* twitter_training.app */;
			productType = "com.apple.product-type.application";
		};
		CB963AEB1D5C723A00A21C9F /* twitter_trainingTests */ = {
			isa = PBXNativeTarget;
			buildConfigurationList = CB963B031D5C723A00A21C9F /* Build configuration list for PBXNativeTarget "twitter_trainingTests" */;
			buildPhases = (
				94231FD9046777292DCA7B39 /* [CP] Check Pods Manifest.lock */,
				CB963AE81D5C723A00A21C9F /* Sources */,
				CB963AE91D5C723A00A21C9F /* Frameworks */,
				CB963AEA1D5C723A00A21C9F /* Resources */,
				352B5C82A2B81299685F9C7F /* [CP] Embed Pods Frameworks */,
				FF5068C771DFBEC5057B0354 /* [CP] Copy Pods Resources */,
			);
			buildRules = (
			);
			dependencies = (
				CB963AEE1D5C723A00A21C9F /* PBXTargetDependency */,
			);
			name = twitter_trainingTests;
			productName = twitter_trainingTests;
			productReference = CB963AEC1D5C723A00A21C9F /* twitter_trainingTests.xctest */;
			productType = "com.apple.product-type.bundle.unit-test";
		};
		CB963AF61D5C723A00A21C9F /* twitter_trainingUITests */ = {
			isa = PBXNativeTarget;
			buildConfigurationList = CB963B061D5C723A00A21C9F /* Build configuration list for PBXNativeTarget "twitter_trainingUITests" */;
			buildPhases = (
				6966F2FE5B5142711C86C7AB /* [CP] Check Pods Manifest.lock */,
				CB963AF31D5C723A00A21C9F /* Sources */,
				CB963AF41D5C723A00A21C9F /* Frameworks */,
				CB963AF51D5C723A00A21C9F /* Resources */,
				48067EFCE8B9EC6C19BA7FB6 /* [CP] Copy Pods Resources */,
			);
			buildRules = (
			);
			dependencies = (
				CB963AF91D5C723A00A21C9F /* PBXTargetDependency */,
			);
			name = twitter_trainingUITests;
			productName = twitter_trainingUITests;
			productReference = CB963AF71D5C723A00A21C9F /* twitter_trainingUITests.xctest */;
			productType = "com.apple.product-type.bundle.ui-testing";
		};
/* End PBXNativeTarget section */

/* Begin PBXProject section */
		CB963AD01D5C723A00A21C9F /* Project object */ = {
			isa = PBXProject;
			attributes = {
				LastSwiftUpdateCheck = 0730;
				LastUpgradeCheck = 0730;
				ORGANIZATIONNAME = "Ryouken Kojima";
				TargetAttributes = {
					CB963AD71D5C723A00A21C9F = {
						CreatedOnToolsVersion = 7.3.1;
					};
					CB963AEB1D5C723A00A21C9F = {
						CreatedOnToolsVersion = 7.3.1;
						TestTargetID = CB963AD71D5C723A00A21C9F;
					};
					CB963AF61D5C723A00A21C9F = {
						CreatedOnToolsVersion = 7.3.1;
						TestTargetID = CB963AD71D5C723A00A21C9F;
					};
				};
			};
			buildConfigurationList = CB963AD31D5C723A00A21C9F /* Build configuration list for PBXProject "twitter_training" */;
			compatibilityVersion = "Xcode 3.2";
			developmentRegion = English;
			hasScannedForEncodings = 0;
			knownRegions = (
				en,
				Base,
			);
			mainGroup = CB963ACF1D5C723A00A21C9F;
			productRefGroup = CB963AD91D5C723A00A21C9F /* Products */;
			projectDirPath = "";
			projectRoot = "";
			targets = (
				CB963AD71D5C723A00A21C9F /* twitter_training */,
				CB963AEB1D5C723A00A21C9F /* twitter_trainingTests */,
				CB963AF61D5C723A00A21C9F /* twitter_trainingUITests */,
			);
		};
/* End PBXProject section */

/* Begin PBXResourcesBuildPhase section */
		CB963AD61D5C723A00A21C9F /* Resources */ = {
			isa = PBXResourcesBuildPhase;
			buildActionMask = 2147483647;
			files = (
				CB963AE61D5C723A00A21C9F /* LaunchScreen.storyboard in Resources */,
				CB963AE31D5C723A00A21C9F /* Assets.xcassets in Resources */,
				CB963AE11D5C723A00A21C9F /* Main.storyboard in Resources */,
			);
			runOnlyForDeploymentPostprocessing = 0;
		};
		CB963AEA1D5C723A00A21C9F /* Resources */ = {
			isa = PBXResourcesBuildPhase;
			buildActionMask = 2147483647;
			files = (
			);
			runOnlyForDeploymentPostprocessing = 0;
		};
		CB963AF51D5C723A00A21C9F /* Resources */ = {
			isa = PBXResourcesBuildPhase;
			buildActionMask = 2147483647;
			files = (
			);
			runOnlyForDeploymentPostprocessing = 0;
		};
/* End PBXResourcesBuildPhase section */

/* Begin PBXShellScriptBuildPhase section */
		352B5C82A2B81299685F9C7F /* [CP] Embed Pods Frameworks */ = {
			isa = PBXShellScriptBuildPhase;
			buildActionMask = 2147483647;
			files = (
			);
			inputPaths = (
			);
			name = "[CP] Embed Pods Frameworks";
			outputPaths = (
			);
			runOnlyForDeploymentPostprocessing = 0;
			shellPath = /bin/sh;
			shellScript = "\"${SRCROOT}/Pods/Target Support Files/Pods-twitter_trainingTests/Pods-twitter_trainingTests-frameworks.sh\"\n";
			showEnvVarsInLog = 0;
		};
		409F64AE28B84AB90D775334 /* [CP] Embed Pods Frameworks */ = {
			isa = PBXShellScriptBuildPhase;
			buildActionMask = 2147483647;
			files = (
			);
			inputPaths = (
			);
			name = "[CP] Embed Pods Frameworks";
			outputPaths = (
			);
			runOnlyForDeploymentPostprocessing = 0;
			shellPath = /bin/sh;
			shellScript = "\"${SRCROOT}/Pods/Target Support Files/Pods-twitter_training/Pods-twitter_training-frameworks.sh\"\n";
			showEnvVarsInLog = 0;
		};
		48067EFCE8B9EC6C19BA7FB6 /* [CP] Copy Pods Resources */ = {
			isa = PBXShellScriptBuildPhase;
			buildActionMask = 2147483647;
			files = (
			);
			inputPaths = (
			);
			name = "[CP] Copy Pods Resources";
			outputPaths = (
			);
			runOnlyForDeploymentPostprocessing = 0;
			shellPath = /bin/sh;
			shellScript = "\"${SRCROOT}/Pods/Target Support Files/Pods-twitter_trainingUITests/Pods-twitter_trainingUITests-resources.sh\"\n";
			showEnvVarsInLog = 0;
		};
		6470793F1C65FB6001521E43 /* [CP] Copy Pods Resources */ = {
			isa = PBXShellScriptBuildPhase;
			buildActionMask = 2147483647;
			files = (
			);
			inputPaths = (
			);
			name = "[CP] Copy Pods Resources";
			outputPaths = (
			);
			runOnlyForDeploymentPostprocessing = 0;
			shellPath = /bin/sh;
			shellScript = "\"${SRCROOT}/Pods/Target Support Files/Pods-twitter_training/Pods-twitter_training-resources.sh\"\n";
			showEnvVarsInLog = 0;
		};
		6966F2FE5B5142711C86C7AB /* [CP] Check Pods Manifest.lock */ = {
			isa = PBXShellScriptBuildPhase;
			buildActionMask = 2147483647;
			files = (
			);
			inputPaths = (
			);
			name = "[CP] Check Pods Manifest.lock";
			outputPaths = (
			);
			runOnlyForDeploymentPostprocessing = 0;
			shellPath = /bin/sh;
			shellScript = "diff \"${PODS_ROOT}/../Podfile.lock\" \"${PODS_ROOT}/Manifest.lock\" > /dev/null\nif [[ $? != 0 ]] ; then\n    cat << EOM\nerror: The sandbox is not in sync with the Podfile.lock. Run 'pod install' or update your CocoaPods installation.\nEOM\n    exit 1\nfi\n";
			showEnvVarsInLog = 0;
		};
		93915B7B192DDB375D0EB2DE /* [CP] Check Pods Manifest.lock */ = {
			isa = PBXShellScriptBuildPhase;
			buildActionMask = 2147483647;
			files = (
			);
			inputPaths = (
			);
			name = "[CP] Check Pods Manifest.lock";
			outputPaths = (
			);
			runOnlyForDeploymentPostprocessing = 0;
			shellPath = /bin/sh;
			shellScript = "diff \"${PODS_ROOT}/../Podfile.lock\" \"${PODS_ROOT}/Manifest.lock\" > /dev/null\nif [[ $? != 0 ]] ; then\n    cat << EOM\nerror: The sandbox is not in sync with the Podfile.lock. Run 'pod install' or update your CocoaPods installation.\nEOM\n    exit 1\nfi\n";
			showEnvVarsInLog = 0;
		};
		94231FD9046777292DCA7B39 /* [CP] Check Pods Manifest.lock */ = {
			isa = PBXShellScriptBuildPhase;
			buildActionMask = 2147483647;
			files = (
			);
			inputPaths = (
			);
			name = "[CP] Check Pods Manifest.lock";
			outputPaths = (
			);
			runOnlyForDeploymentPostprocessing = 0;
			shellPath = /bin/sh;
			shellScript = "diff \"${PODS_ROOT}/../Podfile.lock\" \"${PODS_ROOT}/Manifest.lock\" > /dev/null\nif [[ $? != 0 ]] ; then\n    cat << EOM\nerror: The sandbox is not in sync with the Podfile.lock. Run 'pod install' or update your CocoaPods installation.\nEOM\n    exit 1\nfi\n";
			showEnvVarsInLog = 0;
		};
		FF5068C771DFBEC5057B0354 /* [CP] Copy Pods Resources */ = {
			isa = PBXShellScriptBuildPhase;
			buildActionMask = 2147483647;
			files = (
			);
			inputPaths = (
			);
			name = "[CP] Copy Pods Resources";
			outputPaths = (
			);
			runOnlyForDeploymentPostprocessing = 0;
			shellPath = /bin/sh;
			shellScript = "\"${SRCROOT}/Pods/Target Support Files/Pods-twitter_trainingTests/Pods-twitter_trainingTests-resources.sh\"\n";
			showEnvVarsInLog = 0;
		};
/* End PBXShellScriptBuildPhase section */

/* Begin PBXSourcesBuildPhase section */
		CB963AD41D5C723A00A21C9F /* Sources */ = {
			isa = PBXSourcesBuildPhase;
			buildActionMask = 2147483647;
			files = (
				CB963B0E1D5C7ED100A21C9F /* RegisterFirstViewController.swift in Sources */,
				CB963B141D5C8E4300A21C9F /* UserListViewController.swift in Sources */,
				EB74CB101D5DDB8B002AE80C /* MyTweetViewController.swift in Sources */,
				EB74CB0E1D5DBAF5002AE80C /* TweetViewController.swift in Sources */,
				EB74CB1A1D5DDCA3002AE80C /* EditSecondViewController.swift in Sources */,
				EB74CB141D5DDBB3002AE80C /* FollowedListViewController.swift in Sources */,
				CB963B121D5C86A300A21C9F /* RegisterPageViewController.swift in Sources */,
				CB963B101D5C7EFD00A21C9F /* RegisterSecondViewController.swift in Sources */,
				EB74CB181D5DDC98002AE80C /* EditFirstViewController.swift in Sources */,
				CB963B0C1D5C739300A21C9F /* LoginViewController.swift in Sources */,
				CB963ADE1D5C723A00A21C9F /* ViewController.swift in Sources */,
				EB74CB161D5DDC26002AE80C /* TimelineViewController.swift in Sources */,
				EB74CB121D5DDBA1002AE80C /* FollowListViewController.swift in Sources */,
				CB963ADC1D5C723A00A21C9F /* AppDelegate.swift in Sources */,
				CB963B0A1D5C736B00A21C9F /* InitialPageViewController.swift in Sources */,
			);
			runOnlyForDeploymentPostprocessing = 0;
		};
		CB963AE81D5C723A00A21C9F /* Sources */ = {
			isa = PBXSourcesBuildPhase;
			buildActionMask = 2147483647;
			files = (
				CB963AF11D5C723A00A21C9F /* twitter_trainingTests.swift in Sources */,
			);
			runOnlyForDeploymentPostprocessing = 0;
		};
		CB963AF31D5C723A00A21C9F /* Sources */ = {
			isa = PBXSourcesBuildPhase;
			buildActionMask = 2147483647;
			files = (
				CB963AFC1D5C723A00A21C9F /* twitter_trainingUITests.swift in Sources */,
			);
			runOnlyForDeploymentPostprocessing = 0;
		};
/* End PBXSourcesBuildPhase section */

/* Begin PBXTargetDependency section */
		CB963AEE1D5C723A00A21C9F /* PBXTargetDependency */ = {
			isa = PBXTargetDependency;
			target = CB963AD71D5C723A00A21C9F /* twitter_training */;
			targetProxy = CB963AED1D5C723A00A21C9F /* PBXContainerItemProxy */;
		};
		CB963AF91D5C723A00A21C9F /* PBXTargetDependency */ = {
			isa = PBXTargetDependency;
			target = CB963AD71D5C723A00A21C9F /* twitter_training */;
			targetProxy = CB963AF81D5C723A00A21C9F /* PBXContainerItemProxy */;
		};
/* End PBXTargetDependency section */

/* Begin PBXVariantGroup section */
		CB963ADF1D5C723A00A21C9F /* Main.storyboard */ = {
			isa = PBXVariantGroup;
			children = (
				CB963AE01D5C723A00A21C9F /* Base */,
			);
			name = Main.storyboard;
			sourceTree = "<group>";
		};
		CB963AE41D5C723A00A21C9F /* LaunchScreen.storyboard */ = {
			isa = PBXVariantGroup;
			children = (
				CB963AE51D5C723A00A21C9F /* Base */,
			);
			name = LaunchScreen.storyboard;
			sourceTree = "<group>";
		};
/* End PBXVariantGroup section */

/* Begin XCBuildConfiguration section */
		CB963AFE1D5C723A00A21C9F /* Debug */ = {
			isa = XCBuildConfiguration;
			buildSettings = {
				ALWAYS_SEARCH_USER_PATHS = NO;
				CLANG_ANALYZER_NONNULL = YES;
				CLANG_CXX_LANGUAGE_STANDARD = "gnu++0x";
				CLANG_CXX_LIBRARY = "libc++";
				CLANG_ENABLE_MODULES = YES;
				CLANG_ENABLE_OBJC_ARC = YES;
				CLANG_WARN_BOOL_CONVERSION = YES;
				CLANG_WARN_CONSTANT_CONVERSION = YES;
				CLANG_WARN_DIRECT_OBJC_ISA_USAGE = YES_ERROR;
				CLANG_WARN_EMPTY_BODY = YES;
				CLANG_WARN_ENUM_CONVERSION = YES;
				CLANG_WARN_INT_CONVERSION = YES;
				CLANG_WARN_OBJC_ROOT_CLASS = YES_ERROR;
				CLANG_WARN_UNREACHABLE_CODE = YES;
				CLANG_WARN__DUPLICATE_METHOD_MATCH = YES;
				"CODE_SIGN_IDENTITY[sdk=iphoneos*]" = "iPhone Developer";
				COPY_PHASE_STRIP = NO;
				DEBUG_INFORMATION_FORMAT = dwarf;
				ENABLE_STRICT_OBJC_MSGSEND = YES;
				ENABLE_TESTABILITY = YES;
				GCC_C_LANGUAGE_STANDARD = gnu99;
				GCC_DYNAMIC_NO_PIC = NO;
				GCC_NO_COMMON_BLOCKS = YES;
				GCC_OPTIMIZATION_LEVEL = 0;
				GCC_PREPROCESSOR_DEFINITIONS = (
					"DEBUG=1",
					"$(inherited)",
				);
				GCC_WARN_64_TO_32_BIT_CONVERSION = YES;
				GCC_WARN_ABOUT_RETURN_TYPE = YES_ERROR;
				GCC_WARN_UNDECLARED_SELECTOR = YES;
				GCC_WARN_UNINITIALIZED_AUTOS = YES_AGGRESSIVE;
				GCC_WARN_UNUSED_FUNCTION = YES;
				GCC_WARN_UNUSED_VARIABLE = YES;
				IPHONEOS_DEPLOYMENT_TARGET = 9.3;
				MTL_ENABLE_DEBUG_INFO = YES;
				ONLY_ACTIVE_ARCH = YES;
				SDKROOT = iphoneos;
				SWIFT_OPTIMIZATION_LEVEL = "-Onone";
			};
			name = Debug;
		};
		CB963AFF1D5C723A00A21C9F /* Release */ = {
			isa = XCBuildConfiguration;
			buildSettings = {
				ALWAYS_SEARCH_USER_PATHS = NO;
				CLANG_ANALYZER_NONNULL = YES;
				CLANG_CXX_LANGUAGE_STANDARD = "gnu++0x";
				CLANG_CXX_LIBRARY = "libc++";
				CLANG_ENABLE_MODULES = YES;
				CLANG_ENABLE_OBJC_ARC = YES;
				CLANG_WARN_BOOL_CONVERSION = YES;
				CLANG_WARN_CONSTANT_CONVERSION = YES;
				CLANG_WARN_DIRECT_OBJC_ISA_USAGE = YES_ERROR;
				CLANG_WARN_EMPTY_BODY = YES;
				CLANG_WARN_ENUM_CONVERSION = YES;
				CLANG_WARN_INT_CONVERSION = YES;
				CLANG_WARN_OBJC_ROOT_CLASS = YES_ERROR;
				CLANG_WARN_UNREACHABLE_CODE = YES;
				CLANG_WARN__DUPLICATE_METHOD_MATCH = YES;
				"CODE_SIGN_IDENTITY[sdk=iphoneos*]" = "iPhone Developer";
				COPY_PHASE_STRIP = NO;
				DEBUG_INFORMATION_FORMAT = "dwarf-with-dsym";
				ENABLE_NS_ASSERTIONS = NO;
				ENABLE_STRICT_OBJC_MSGSEND = YES;
				GCC_C_LANGUAGE_STANDARD = gnu99;
				GCC_NO_COMMON_BLOCKS = YES;
				GCC_WARN_64_TO_32_BIT_CONVERSION = YES;
				GCC_WARN_ABOUT_RETURN_TYPE = YES_ERROR;
				GCC_WARN_UNDECLARED_SELECTOR = YES;
				GCC_WARN_UNINITIALIZED_AUTOS = YES_AGGRESSIVE;
				GCC_WARN_UNUSED_FUNCTION = YES;
				GCC_WARN_UNUSED_VARIABLE = YES;
				IPHONEOS_DEPLOYMENT_TARGET = 9.3;
				MTL_ENABLE_DEBUG_INFO = NO;
				SDKROOT = iphoneos;
				VALIDATE_PRODUCT = YES;
			};
			name = Release;
		};
		CB963B011D5C723A00A21C9F /* Debug */ = {
			isa = XCBuildConfiguration;
			baseConfigurationReference = 20924E61CC58682D1BFC62B2 /* Pods-twitter_training.debug.xcconfig */;
			buildSettings = {
				ASSETCATALOG_COMPILER_APPICON_NAME = AppIcon;
				INFOPLIST_FILE = twitter_training/Info.plist;
				LD_RUNPATH_SEARCH_PATHS = "$(inherited) @executable_path/Frameworks";
				PRODUCT_BUNDLE_IDENTIFIER = "jp.co.bizreach.twitter-training";
				PRODUCT_NAME = "$(TARGET_NAME)";
			};
			name = Debug;
		};
		CB963B021D5C723A00A21C9F /* Release */ = {
			isa = XCBuildConfiguration;
			baseConfigurationReference = CA0F735D625FB83861C5CA40 /* Pods-twitter_training.release.xcconfig */;
			buildSettings = {
				ASSETCATALOG_COMPILER_APPICON_NAME = AppIcon;
				INFOPLIST_FILE = twitter_training/Info.plist;
				LD_RUNPATH_SEARCH_PATHS = "$(inherited) @executable_path/Frameworks";
				PRODUCT_BUNDLE_IDENTIFIER = "jp.co.bizreach.twitter-training";
				PRODUCT_NAME = "$(TARGET_NAME)";
			};
			name = Release;
		};
		CB963B041D5C723A00A21C9F /* Debug */ = {
			isa = XCBuildConfiguration;
			baseConfigurationReference = 4BFB591BFC70AB6358C61A90 /* Pods-twitter_trainingTests.debug.xcconfig */;
			buildSettings = {
				BUNDLE_LOADER = "$(TEST_HOST)";
				INFOPLIST_FILE = twitter_trainingTests/Info.plist;
				LD_RUNPATH_SEARCH_PATHS = "$(inherited) @executable_path/Frameworks @loader_path/Frameworks";
				PRODUCT_BUNDLE_IDENTIFIER = "jp.co.bizreach.twitter-trainingTests";
				PRODUCT_NAME = "$(TARGET_NAME)";
				TEST_HOST = "$(BUILT_PRODUCTS_DIR)/twitter_training.app/twitter_training";
			};
			name = Debug;
		};
		CB963B051D5C723A00A21C9F /* Release */ = {
			isa = XCBuildConfiguration;
			baseConfigurationReference = E23631C85EE999AB1242BD94 /* Pods-twitter_trainingTests.release.xcconfig */;
			buildSettings = {
				BUNDLE_LOADER = "$(TEST_HOST)";
				INFOPLIST_FILE = twitter_trainingTests/Info.plist;
				LD_RUNPATH_SEARCH_PATHS = "$(inherited) @executable_path/Frameworks @loader_path/Frameworks";
				PRODUCT_BUNDLE_IDENTIFIER = "jp.co.bizreach.twitter-trainingTests";
				PRODUCT_NAME = "$(TARGET_NAME)";
				TEST_HOST = "$(BUILT_PRODUCTS_DIR)/twitter_training.app/twitter_training";
			};
			name = Release;
		};
		CB963B071D5C723A00A21C9F /* Debug */ = {
			isa = XCBuildConfiguration;
			baseConfigurationReference = B9BB166E49A705233A6871BE /* Pods-twitter_trainingUITests.debug.xcconfig */;
			buildSettings = {
				INFOPLIST_FILE = twitter_trainingUITests/Info.plist;
				LD_RUNPATH_SEARCH_PATHS = "$(inherited) @executable_path/Frameworks @loader_path/Frameworks";
				PRODUCT_BUNDLE_IDENTIFIER = "jp.co.bizreach.twitter-trainingUITests";
				PRODUCT_NAME = "$(TARGET_NAME)";
				TEST_TARGET_NAME = twitter_training;
			};
			name = Debug;
		};
		CB963B081D5C723A00A21C9F /* Release */ = {
			isa = XCBuildConfiguration;
			baseConfigurationReference = 36549FF52C6F7D80FDA80313 /* Pods-twitter_trainingUITests.release.xcconfig */;
			buildSettings = {
				INFOPLIST_FILE = twitter_trainingUITests/Info.plist;
				LD_RUNPATH_SEARCH_PATHS = "$(inherited) @executable_path/Frameworks @loader_path/Frameworks";
				PRODUCT_BUNDLE_IDENTIFIER = "jp.co.bizreach.twitter-trainingUITests";
				PRODUCT_NAME = "$(TARGET_NAME)";
				TEST_TARGET_NAME = twitter_training;
			};
			name = Release;
		};
/* End XCBuildConfiguration section */

/* Begin XCConfigurationList section */
		CB963AD31D5C723A00A21C9F /* Build configuration list for PBXProject "twitter_training" */ = {
			isa = XCConfigurationList;
			buildConfigurations = (
				CB963AFE1D5C723A00A21C9F /* Debug */,
				CB963AFF1D5C723A00A21C9F /* Release */,
			);
			defaultConfigurationIsVisible = 0;
			defaultConfigurationName = Release;
		};
		CB963B001D5C723A00A21C9F /* Build configuration list for PBXNativeTarget "twitter_training" */ = {
			isa = XCConfigurationList;
			buildConfigurations = (
				CB963B011D5C723A00A21C9F /* Debug */,
				CB963B021D5C723A00A21C9F /* Release */,
			);
			defaultConfigurationIsVisible = 0;
			defaultConfigurationName = Release;
		};
		CB963B031D5C723A00A21C9F /* Build configuration list for PBXNativeTarget "twitter_trainingTests" */ = {
			isa = XCConfigurationList;
			buildConfigurations = (
				CB963B041D5C723A00A21C9F /* Debug */,
				CB963B051D5C723A00A21C9F /* Release */,
			);
			defaultConfigurationIsVisible = 0;
			defaultConfigurationName = Release;
		};
		CB963B061D5C723A00A21C9F /* Build configuration list for PBXNativeTarget "twitter_trainingUITests" */ = {
			isa = XCConfigurationList;
			buildConfigurations = (
				CB963B071D5C723A00A21C9F /* Debug */,
				CB963B081D5C723A00A21C9F /* Release */,
			);
			defaultConfigurationIsVisible = 0;
			defaultConfigurationName = Release;
		};
/* End XCConfigurationList section */
	};
	rootObject = CB963AD01D5C723A00A21C9F /* Project object */;
}
